github.com/AshokShau/gotdbot v0.9.5 h1:/p6NzIXqBrc2TSrqMRTNQ48H6FuE/CxXiAo9XtF4oAQ=
github.com/AshokShau/gotdbot v0.9.5/go.mod h1:oaHOeC6pZoNp6Xp/jWRFw1yUif3/ASG2cxy6y/EMr3o=
github.com/ebitengine/purego v0.11.1 h1:2zpWRSQNVKN4eKsKO9eM1ILDgWfYMY9GwqRmK6XeQ/0=
github.com/ebitengine/purego v0.11.1/go.mod h1:DCHPP08djqhNSoTfImcnHYQRZmd0qhakvrozqaEYhGQ=
github.com/joho/godotenv v1.5.1 h1:7eLL/+HRGLY0ldzfGMeQkb7vMd0as4CfYvUVzLqw0N0=
github.com/joho/godotenv v1.5.1/go.mod h1:f4LDr5Voq0i2e/R5DDNOoa2zzDfwtkZa6DnEwAbqwq4=
