github.com/AshokShau/gotdbot v0.9.4-0.20260615093546-68cb5390ddbb h1:WpHvT/ba728iBg+ue9fXrOE7HE0vPTDz4H4eguAB6j0=
github.com/AshokShau/gotdbot v0.9.4-0.20260615093546-68cb5390ddbb/go.mod h1:oaHOeC6pZoNp6Xp/jWRFw1yUif3/ASG2cxy6y/EMr3o=
github.com/ebitengine/purego v0.10.1 h1:dewVBCBT2GaMu1SrNTYxQhgQBethzfhiwvZiLGP/qyY=
github.com/ebitengine/purego v0.10.1/go.mod h1:iIjxzd6CiRiOG0UyXP+V1+jWqUXVjPKLAI0mRfJZTmQ=
github.com/joho/godotenv v1.5.1 h1:7eLL/+HRGLY0ldzfGMeQkb7vMd0as4CfYvUVzLqw0N0=
github.com/joho/godotenv v1.5.1/go.mod h1:f4LDr5Voq0i2e/R5DDNOoa2zzDfwtkZa6DnEwAbqwq4=
